
Microsoft Visual Studio Solution File, Format Version 12.00
# Visual Studio Version 17
VisualStudioVersion = 17.14.36121.58
MinimumVisualStudioVersion = 10.0.40219.1
Project("{FAE04EC0-301F-11D3-BF4B-00C04F79EFBC}") = "Restaurant", "Restaurant\Restaurant.csproj", "{C9F06AF5-0735-44D2-8C8D-9FE71FDD27AD}"
EndProject
Project("{FAE04EC0-301F-11D3-BF4B-00C04F79EFBC}") = "SkiaLiteUI", "SkiaLiteUI\SkiaLiteUI.csproj", "{16EAB299-DB92-4101-A97B-8EEA5FE4DB62}"
EndProject
Global
	GlobalSection(SolutionConfigurationPlatforms) = preSolution
		Debug|Any CPU = Debug|Any CPU
		Release|Any CPU = Release|Any CPU
	EndGlobalSection
	GlobalSection(ProjectConfigurationPlatforms) = postSolution
		{C9F06AF5-0735-44D2-8C8D-9FE71FDD27AD}.Debug|Any CPU.ActiveCfg = Debug|Any CPU
		{C9F06AF5-0735-44D2-8C8D-9FE71FDD27AD}.Debug|Any CPU.Build.0 = Debug|Any CPU
		{C9F06AF5-0735-44D2-8C8D-9FE71FDD27AD}.Release|Any CPU.ActiveCfg = Release|Any CPU
		{C9F06AF5-0735-44D2-8C8D-9FE71FDD27AD}.Release|Any CPU.Build.0 = Release|Any CPU
		{16EAB299-DB92-4101-A97B-8EEA5FE4DB62}.Debug|Any CPU.ActiveCfg = Debug|Any CPU
		{16EAB299-DB92-4101-A97B-8EEA5FE4DB62}.Debug|Any CPU.Build.0 = Debug|Any CPU
		{16EAB299-DB92-4101-A97B-8EEA5FE4DB62}.Release|Any CPU.ActiveCfg = Release|Any CPU
		{16EAB299-DB92-4101-A97B-8EEA5FE4DB62}.Release|Any CPU.Build.0 = Release|Any CPU
	EndGlobalSection
	GlobalSection(SolutionProperties) = preSolution
		HideSolutionNode = FALSE
	EndGlobalSection
	GlobalSection(ExtensibilityGlobals) = postSolution
		SolutionGuid = {92407C5C-0D78-42F3-843A-7A558570AA54}
	EndGlobalSection
EndGlobal
